
Microsoft Visual Studio Solution File, Format Version 12.00
# Visual Studio Version 17
VisualStudioVersion = 17.7.34031.279
MinimumVisualStudioVersion = 15.0.26124.0
Project("{2150E333-8FDC-42A3-9474-1A3956D46DE8}") = "src", "src", "{980EF699-EA24-4E47-A79E-5447E35EDDC3}"
EndProject
Project("{9A19103F-16F7-4668-BE54-9A1E7A4F7556}") = "Cli", "src\Cli\Cli.csproj", "{08EF57F2-9B10-441A-AF9A-1F4CA0726DF2}"
EndProject
Project("{FAE04EC0-301F-11D3-BF4B-00C04F79EFBC}") = "WinForms", "src\WinForms\WinForms.csproj", "{76C06F7E-6EDF-4AE3-8B9C-9BB913C5DF51}"
EndProject
Project("{2150E333-8FDC-42A3-9474-1A3956D46DE8}") = "Solution Items", "Solution Items", "{160D7390-80BE-491B-9C26-1244DF760225}"
	ProjectSection(SolutionItems) = preProject
		.editorconfig = .editorconfig
		.gitignore = .gitignore
		Directory.Build.props = Directory.Build.props
		LICENCE.md = LICENCE.md
		NuGet.config = NuGet.config
		Project.props = Project.props
		README.md = README.md
	EndProjectSection
EndProject
Global
	GlobalSection(SolutionConfigurationPlatforms) = preSolution
		Debug|Any CPU = Debug|Any CPU
		Debug|x64 = Debug|x64
		Debug|x86 = Debug|x86
		Release|Any CPU = Release|Any CPU
		Release|x64 = Release|x64
		Release|x86 = Release|x86
	EndGlobalSection
	GlobalSection(ProjectConfigurationPlatforms) = postSolution
		{08EF57F2-9B10-441A-AF9A-1F4CA0726DF2}.Debug|Any CPU.ActiveCfg = Debug|Any CPU
		{08EF57F2-9B10-441A-AF9A-1F4CA0726DF2}.Debug|Any CPU.Build.0 = Debug|Any CPU
		{08EF57F2-9B10-441A-AF9A-1F4CA0726DF2}.Debug|x64.ActiveCfg = Debug|Any CPU
		{08EF57F2-9B10-441A-AF9A-1F4CA0726DF2}.Debug|x64.Build.0 = Debug|Any CPU
		{08EF57F2-9B10-441A-AF9A-1F4CA0726DF2}.Debug|x86.ActiveCfg = Debug|Any CPU
		{08EF57F2-9B10-441A-AF9A-1F4CA0726DF2}.Debug|x86.Build.0 = Debug|Any CPU
		{08EF57F2-9B10-441A-AF9A-1F4CA0726DF2}.Release|Any CPU.ActiveCfg = Release|Any CPU
		{08EF57F2-9B10-441A-AF9A-1F4CA0726DF2}.Release|Any CPU.Build.0 = Release|Any CPU
		{08EF57F2-9B10-441A-AF9A-1F4CA0726DF2}.Release|x64.ActiveCfg = Release|Any CPU
		{08EF57F2-9B10-441A-AF9A-1F4CA0726DF2}.Release|x64.Build.0 = Release|Any CPU
		{08EF57F2-9B10-441A-AF9A-1F4CA0726DF2}.Release|x86.ActiveCfg = Release|Any CPU
		{08EF57F2-9B10-441A-AF9A-1F4CA0726DF2}.Release|x86.Build.0 = Release|Any CPU
		{76C06F7E-6EDF-4AE3-8B9C-9BB913C5DF51}.Debug|Any CPU.ActiveCfg = Debug|Any CPU
		{76C06F7E-6EDF-4AE3-8B9C-9BB913C5DF51}.Debug|Any CPU.Build.0 = Debug|Any CPU
		{76C06F7E-6EDF-4AE3-8B9C-9BB913C5DF51}.Debug|x64.ActiveCfg = Debug|Any CPU
		{76C06F7E-6EDF-4AE3-8B9C-9BB913C5DF51}.Debug|x64.Build.0 = Debug|Any CPU
		{76C06F7E-6EDF-4AE3-8B9C-9BB913C5DF51}.Debug|x86.ActiveCfg = Debug|Any CPU
		{76C06F7E-6EDF-4AE3-8B9C-9BB913C5DF51}.Debug|x86.Build.0 = Debug|Any CPU
		{76C06F7E-6EDF-4AE3-8B9C-9BB913C5DF51}.Release|Any CPU.ActiveCfg = Release|Any CPU
		{76C06F7E-6EDF-4AE3-8B9C-9BB913C5DF51}.Release|Any CPU.Build.0 = Release|Any CPU
		{76C06F7E-6EDF-4AE3-8B9C-9BB913C5DF51}.Release|x64.ActiveCfg = Release|Any CPU
		{76C06F7E-6EDF-4AE3-8B9C-9BB913C5DF51}.Release|x64.Build.0 = Release|Any CPU
		{76C06F7E-6EDF-4AE3-8B9C-9BB913C5DF51}.Release|x86.ActiveCfg = Release|Any CPU
		{76C06F7E-6EDF-4AE3-8B9C-9BB913C5DF51}.Release|x86.Build.0 = Release|Any CPU
	EndGlobalSection
	GlobalSection(SolutionProperties) = preSolution
		HideSolutionNode = FALSE
	EndGlobalSection
	GlobalSection(NestedProjects) = preSolution
		{08EF57F2-9B10-441A-AF9A-1F4CA0726DF2} = {980EF699-EA24-4E47-A79E-5447E35EDDC3}
		{76C06F7E-6EDF-4AE3-8B9C-9BB913C5DF51} = {980EF699-EA24-4E47-A79E-5447E35EDDC3}
	EndGlobalSection
	GlobalSection(ExtensibilityGlobals) = postSolution
		SolutionGuid = {7ACEDCF8-E08E-44A5-8E6F-3C1D77E36C37}
	EndGlobalSection
EndGlobal
